
Microsoft Visual Studio Solution File, Format Version 12.00
# Visual Studio 15
VisualStudioVersion = 15.0.27130.2027
MinimumVisualStudioVersion = 10.0.40219.1
Project("{FAE04EC0-301F-11D3-BF4B-00C04F79EFBC}") = "Tentativa01.Android", "Tentativa01\Tentativa01.Android\Tentativa01.Android.csproj", "{6999732B-3B4F-4CFA-8804-55C741E0BFAD}"
EndProject
Project("{FAE04EC0-301F-11D3-BF4B-00C04F79EFBC}") = "Tentativa01.iOS", "Tentativa01\Tentativa01.iOS\Tentativa01.iOS.csproj", "{14254D62-928F-4AC7-829C-9C13B47779D3}"
EndProject
Project("{FAE04EC0-301F-11D3-BF4B-00C04F79EFBC}") = "Tentativa01", "Tentativa01\Tentativa01\Tentativa01.csproj", "{1B32447C-5BBB-4F10-9CAD-8A1F85D290A2}"
EndProject
Global
	GlobalSection(SolutionConfigurationPlatforms) = preSolution
		Ad-Hoc|Any CPU = Ad-Hoc|Any CPU
		Ad-Hoc|iPhone = Ad-Hoc|iPhone
		Ad-Hoc|iPhoneSimulator = Ad-Hoc|iPhoneSimulator
		AppStore|Any CPU = AppStore|Any CPU
		AppStore|iPhone = AppStore|iPhone
		AppStore|iPhoneSimulator = AppStore|iPhoneSimulator
		Debug|Any CPU = Debug|Any CPU
		Debug|iPhone = Debug|iPhone
		Debug|iPhoneSimulator = Debug|iPhoneSimulator
		Release|Any CPU = Release|Any CPU
		Release|iPhone = Release|iPhone
		Release|iPhoneSimulator = Release|iPhoneSimulator
	EndGlobalSection
	GlobalSection(ProjectConfigurationPlatforms) = postSolution
		{6999732B-3B4F-4CFA-8804-55C741E0BFAD}.Ad-Hoc|Any CPU.ActiveCfg = Release|Any CPU
		{6999732B-3B4F-4CFA-8804-55C741E0BFAD}.Ad-Hoc|Any CPU.Build.0 = Release|Any CPU
		{6999732B-3B4F-4CFA-8804-55C741E0BFAD}.Ad-Hoc|Any CPU.Deploy.0 = Release|Any CPU
		{6999732B-3B4F-4CFA-8804-55C741E0BFAD}.Ad-Hoc|iPhone.ActiveCfg = Release|Any CPU
		{6999732B-3B4F-4CFA-8804-55C741E0BFAD}.Ad-Hoc|iPhone.Build.0 = Release|Any CPU
		{6999732B-3B4F-4CFA-8804-55C741E0BFAD}.Ad-Hoc|iPhone.Deploy.0 = Release|Any CPU
		{6999732B-3B4F-4CFA-8804-55C741E0BFAD}.Ad-Hoc|iPhoneSimulator.ActiveCfg = Release|Any CPU
		{6999732B-3B4F-4CFA-8804-55C741E0BFAD}.Ad-Hoc|iPhoneSimulator.Build.0 = Release|Any CPU
		{6999732B-3B4F-4CFA-8804-55C741E0BFAD}.Ad-Hoc|iPhoneSimulator.Deploy.0 = Release|Any CPU
		{6999732B-3B4F-4CFA-8804-55C741E0BFAD}.AppStore|Any CPU.ActiveCfg = Release|Any CPU
		{6999732B-3B4F-4CFA-8804-55C741E0BFAD}.AppStore|Any CPU.Build.0 = Release|Any CPU
		{6999732B-3B4F-4CFA-8804-55C741E0BFAD}.AppStore|Any CPU.Deploy.0 = Release|Any CPU
		{6999732B-3B4F-4CFA-8804-55C741E0BFAD}.AppStore|iPhone.ActiveCfg = Release|Any CPU
		{6999732B-3B4F-4CFA-8804-55C741E0BFAD}.AppStore|iPhone.Build.0 = Release|Any CPU
		{6999732B-3B4F-4CFA-8804-55C741E0BFAD}.AppStore|iPhone.Deploy.0 = Release|Any CPU
		{6999732B-3B4F-4CFA-8804-55C741E0BFAD}.AppStore|iPhoneSimulator.ActiveCfg = Release|Any CPU
		{6999732B-3B4F-4CFA-8804-55C741E0BFAD}.AppStore|iPhoneSimulator.Build.0 = Release|Any CPU
		{6999732B-3B4F-4CFA-8804-55C741E0BFAD}.AppStore|iPhoneSimulator.Deploy.0 = Release|Any CPU
		{6999732B-3B4F-4CFA-8804-55C741E0BFAD}.Debug|Any CPU.ActiveCfg = Debug|Any CPU
		{6999732B-3B4F-4CFA-8804-55C741E0BFAD}.Debug|Any CPU.Build.0 = Debug|Any CPU
		{6999732B-3B4F-4CFA-8804-55C741E0BFAD}.Debug|Any CPU.Deploy.0 = Debug|Any CPU
		{6999732B-3B4F-4CFA-8804-55C741E0BFAD}.Debug|iPhone.ActiveCfg = Debug|Any CPU
		{6999732B-3B4F-4CFA-8804-55C741E0BFAD}.Debug|iPhone.Build.0 = Debug|Any CPU
		{6999732B-3B4F-4CFA-8804-55C741E0BFAD}.Debug|iPhone.Deploy.0 = Debug|Any CPU
		{6999732B-3B4F-4CFA-8804-55C741E0BFAD}.Debug|iPhoneSimulator.ActiveCfg = Debug|Any CPU
		{6999732B-3B4F-4CFA-8804-55C741E0BFAD}.Debug|iPhoneSimulator.Build.0 = Debug|Any CPU
		{6999732B-3B4F-4CFA-8804-55C741E0BFAD}.Debug|iPhoneSimulator.Deploy.0 = Debug|Any CPU
		{6999732B-3B4F-4CFA-8804-55C741E0BFAD}.Release|Any CPU.ActiveCfg = Release|Any CPU
		{6999732B-3B4F-4CFA-8804-55C741E0BFAD}.Release|Any CPU.Build.0 = Release|Any CPU
		{6999732B-3B4F-4CFA-8804-55C741E0BFAD}.Release|Any CPU.Deploy.0 = Release|Any CPU
		{6999732B-3B4F-4CFA-8804-55C741E0BFAD}.Release|iPhone.ActiveCfg = Release|Any CPU
		{6999732B-3B4F-4CFA-8804-55C741E0BFAD}.Release|iPhone.Build.0 = Release|Any CPU
		{6999732B-3B4F-4CFA-8804-55C741E0BFAD}.Release|iPhone.Deploy.0 = Release|Any CPU
		{6999732B-3B4F-4CFA-8804-55C741E0BFAD}.Release|iPhoneSimulator.ActiveCfg = Release|Any CPU
		{6999732B-3B4F-4CFA-8804-55C741E0BFAD}.Release|iPhoneSimulator.Build.0 = Release|Any CPU
		{6999732B-3B4F-4CFA-8804-55C741E0BFAD}.Release|iPhoneSimulator.Deploy.0 = Release|Any CPU
		{14254D62-928F-4AC7-829C-9C13B47779D3}.Ad-Hoc|Any CPU.ActiveCfg = Ad-Hoc|iPhone
		{14254D62-928F-4AC7-829C-9C13B47779D3}.Ad-Hoc|iPhone.ActiveCfg = Ad-Hoc|iPhone
		{14254D62-928F-4AC7-829C-9C13B47779D3}.Ad-Hoc|iPhone.Build.0 = Ad-Hoc|iPhone
		{14254D62-928F-4AC7-829C-9C13B47779D3}.Ad-Hoc|iPhoneSimulator.ActiveCfg = Ad-Hoc|iPhoneSimulator
		{14254D62-928F-4AC7-829C-9C13B47779D3}.Ad-Hoc|iPhoneSimulator.Build.0 = Ad-Hoc|iPhoneSimulator
		{14254D62-928F-4AC7-829C-9C13B47779D3}.AppStore|Any CPU.ActiveCfg = AppStore|iPhone
		{14254D62-928F-4AC7-829C-9C13B47779D3}.AppStore|iPhone.ActiveCfg = AppStore|iPhone
		{14254D62-928F-4AC7-829C-9C13B47779D3}.AppStore|iPhone.Build.0 = AppStore|iPhone
		{14254D62-928F-4AC7-829C-9C13B47779D3}.AppStore|iPhoneSimulator.ActiveCfg = AppStore|iPhoneSimulator
		{14254D62-928F-4AC7-829C-9C13B47779D3}.AppStore|iPhoneSimulator.Build.0 = AppStore|iPhoneSimulator
		{14254D62-928F-4AC7-829C-9C13B47779D3}.Debug|Any CPU.ActiveCfg = Debug|iPhone
		{14254D62-928F-4AC7-829C-9C13B47779D3}.Debug|iPhone.ActiveCfg = Debug|iPhone
		{14254D62-928F-4AC7-829C-9C13B47779D3}.Debug|iPhone.Build.0 = Debug|iPhone
		{14254D62-928F-4AC7-829C-9C13B47779D3}.Debug|iPhoneSimulator.ActiveCfg = Debug|iPhoneSimulator
		{14254D62-928F-4AC7-829C-9C13B47779D3}.Debug|iPhoneSimulator.Build.0 = Debug|iPhoneSimulator
		{14254D62-928F-4AC7-829C-9C13B47779D3}.Release|Any CPU.ActiveCfg = Release|iPhone
		{14254D62-928F-4AC7-829C-9C13B47779D3}.Release|iPhone.ActiveCfg = Release|iPhone
		{14254D62-928F-4AC7-829C-9C13B47779D3}.Release|iPhone.Build.0 = Release|iPhone
		{14254D62-928F-4AC7-829C-9C13B47779D3}.Release|iPhoneSimulator.ActiveCfg = Release|iPhoneSimulator
		{14254D62-928F-4AC7-829C-9C13B47779D3}.Release|iPhoneSimulator.Build.0 = Release|iPhoneSimulator
		{1B32447C-5BBB-4F10-9CAD-8A1F85D290A2}.Ad-Hoc|Any CPU.ActiveCfg = Debug|Any CPU
		{1B32447C-5BBB-4F10-9CAD-8A1F85D290A2}.Ad-Hoc|Any CPU.Build.0 = Debug|Any CPU
		{1B32447C-5BBB-4F10-9CAD-8A1F85D290A2}.Ad-Hoc|iPhone.ActiveCfg = Debug|Any CPU
		{1B32447C-5BBB-4F10-9CAD-8A1F85D290A2}.Ad-Hoc|iPhone.Build.0 = Debug|Any CPU
		{1B32447C-5BBB-4F10-9CAD-8A1F85D290A2}.Ad-Hoc|iPhoneSimulator.ActiveCfg = Debug|Any CPU
		{1B32447C-5BBB-4F10-9CAD-8A1F85D290A2}.Ad-Hoc|iPhoneSimulator.Build.0 = Debug|Any CPU
		{1B32447C-5BBB-4F10-9CAD-8A1F85D290A2}.AppStore|Any CPU.ActiveCfg = Debug|Any CPU
		{1B32447C-5BBB-4F10-9CAD-8A1F85D290A2}.AppStore|Any CPU.Build.0 = Debug|Any CPU
		{1B32447C-5BBB-4F10-9CAD-8A1F85D290A2}.AppStore|iPhone.ActiveCfg = Debug|Any CPU
		{1B32447C-5BBB-4F10-9CAD-8A1F85D290A2}.AppStore|iPhone.Build.0 = Debug|Any CPU
		{1B32447C-5BBB-4F10-9CAD-8A1F85D290A2}.AppStore|iPhoneSimulator.ActiveCfg = Debug|Any CPU
		{1B32447C-5BBB-4F10-9CAD-8A1F85D290A2}.AppStore|iPhoneSimulator.Build.0 = Debug|Any CPU
		{1B32447C-5BBB-4F10-9CAD-8A1F85D290A2}.Debug|Any CPU.ActiveCfg = Debug|Any CPU
		{1B32447C-5BBB-4F10-9CAD-8A1F85D290A2}.Debug|Any CPU.Build.0 = Debug|Any CPU
		{1B32447C-5BBB-4F10-9CAD-8A1F85D290A2}.Debug|iPhone.ActiveCfg = Debug|Any CPU
		{1B32447C-5BBB-4F10-9CAD-8A1F85D290A2}.Debug|iPhone.Build.0 = Debug|Any CPU
		{1B32447C-5BBB-4F10-9CAD-8A1F85D290A2}.Debug|iPhoneSimulator.ActiveCfg = Debug|Any CPU
		{1B32447C-5BBB-4F10-9CAD-8A1F85D290A2}.Debug|iPhoneSimulator.Build.0 = Debug|Any CPU
		{1B32447C-5BBB-4F10-9CAD-8A1F85D290A2}.Release|Any CPU.ActiveCfg = Release|Any CPU
		{1B32447C-5BBB-4F10-9CAD-8A1F85D290A2}.Release|Any CPU.Build.0 = Release|Any CPU
		{1B32447C-5BBB-4F10-9CAD-8A1F85D290A2}.Release|iPhone.ActiveCfg = Release|Any CPU
		{1B32447C-5BBB-4F10-9CAD-8A1F85D290A2}.Release|iPhone.Build.0 = Release|Any CPU
		{1B32447C-5BBB-4F10-9CAD-8A1F85D290A2}.Release|iPhoneSimulator.ActiveCfg = Release|Any CPU
		{1B32447C-5BBB-4F10-9CAD-8A1F85D290A2}.Release|iPhoneSimulator.Build.0 = Release|Any CPU
	EndGlobalSection
	GlobalSection(SolutionProperties) = preSolution
		HideSolutionNode = FALSE
	EndGlobalSection
	GlobalSection(ExtensibilityGlobals) = postSolution
		SolutionGuid = {4D58324F-DC07-4CEF-B365-CA59F4134ABD}
	EndGlobalSection
EndGlobal
